
Microsoft Visual Studio Solution File, Format Version 12.00
# Visual Studio Version 17
VisualStudioVersion = 17.6.33815.320
MinimumVisualStudioVersion = 10.0.40219.1
Project("{8BC9CEB8-8B4A-11D0-8D11-00A0C91BC942}") = "02_D3D_3", "02_D3D_3\02_D3D_3.vcxproj", "{B7722568-FF90-4999-BC57-93CFA6DC84B6}"
EndProject
Project("{8BC9CEB8-8B4A-11D0-8D11-00A0C91BC942}") = "01_Shell", "01_Shell\01_Shell.vcxproj", "{7BBB30C3-CE87-4878-9453-00278E93873A}"
EndProject
Project("{8BC9CEB8-8B4A-11D0-8D11-00A0C91BC942}") = "XX_D3D_FLIP_SAMPLE", "XX_D3D_FLIP_SAMPLE\XX_D3D_FLIP_SAMPLE.vcxproj", "{F3161935-47B0-4B27-8A87-200B01EA459C}"
EndProject
Global
	GlobalSection(SolutionConfigurationPlatforms) = preSolution
		Debug|x64 = Debug|x64
		Debug|x86 = Debug|x86
		Release|x64 = Release|x64
		Release|x86 = Release|x86
	EndGlobalSection
	GlobalSection(ProjectConfigurationPlatforms) = postSolution
		{B7722568-FF90-4999-BC57-93CFA6DC84B6}.Debug|x64.ActiveCfg = Debug|x64
		{B7722568-FF90-4999-BC57-93CFA6DC84B6}.Debug|x64.Build.0 = Debug|x64
		{B7722568-FF90-4999-BC57-93CFA6DC84B6}.Debug|x86.ActiveCfg = Debug|Win32
		{B7722568-FF90-4999-BC57-93CFA6DC84B6}.Debug|x86.Build.0 = Debug|Win32
		{B7722568-FF90-4999-BC57-93CFA6DC84B6}.Release|x64.ActiveCfg = Release|x64
		{B7722568-FF90-4999-BC57-93CFA6DC84B6}.Release|x64.Build.0 = Release|x64
		{B7722568-FF90-4999-BC57-93CFA6DC84B6}.Release|x86.ActiveCfg = Release|Win32
		{B7722568-FF90-4999-BC57-93CFA6DC84B6}.Release|x86.Build.0 = Release|Win32
		{7BBB30C3-CE87-4878-9453-00278E93873A}.Debug|x64.ActiveCfg = Debug|x64
		{7BBB30C3-CE87-4878-9453-00278E93873A}.Debug|x64.Build.0 = Debug|x64
		{7BBB30C3-CE87-4878-9453-00278E93873A}.Debug|x86.ActiveCfg = Debug|Win32
		{7BBB30C3-CE87-4878-9453-00278E93873A}.Debug|x86.Build.0 = Debug|Win32
		{7BBB30C3-CE87-4878-9453-00278E93873A}.Release|x64.ActiveCfg = Release|x64
		{7BBB30C3-CE87-4878-9453-00278E93873A}.Release|x64.Build.0 = Release|x64
		{7BBB30C3-CE87-4878-9453-00278E93873A}.Release|x86.ActiveCfg = Release|Win32
		{7BBB30C3-CE87-4878-9453-00278E93873A}.Release|x86.Build.0 = Release|Win32
		{F3161935-47B0-4B27-8A87-200B01EA459C}.Debug|x64.ActiveCfg = Debug|x64
		{F3161935-47B0-4B27-8A87-200B01EA459C}.Debug|x64.Build.0 = Debug|x64
		{F3161935-47B0-4B27-8A87-200B01EA459C}.Debug|x86.ActiveCfg = Debug|Win32
		{F3161935-47B0-4B27-8A87-200B01EA459C}.Debug|x86.Build.0 = Debug|Win32
		{F3161935-47B0-4B27-8A87-200B01EA459C}.Release|x64.ActiveCfg = Release|x64
		{F3161935-47B0-4B27-8A87-200B01EA459C}.Release|x64.Build.0 = Release|x64
		{F3161935-47B0-4B27-8A87-200B01EA459C}.Release|x86.ActiveCfg = Release|Win32
		{F3161935-47B0-4B27-8A87-200B01EA459C}.Release|x86.Build.0 = Release|Win32
	EndGlobalSection
	GlobalSection(SolutionProperties) = preSolution
		HideSolutionNode = FALSE
	EndGlobalSection
	GlobalSection(ExtensibilityGlobals) = postSolution
		SolutionGuid = {59496ABF-A35F-4FF7-A660-54BBAEBAF1C3}
	EndGlobalSection
EndGlobal
