<?xml version="1.0" encoding="utf-8"?>
<Project ToolsVersion="4.0" xmlns="http://schemas.microsoft.com/developer/msbuild/2003">
  <ItemGroup>
    <Filter Include="Code">
      <UniqueIdentifier>{4FC737F1-C7A5-4376-A066-2A32D752A2FF}</UniqueIdentifier>
      <Extensions>cpp;c;cc;cxx;c++;cppm;ixx;def;odl;idl;hpj;bat;asm;asmx</Extensions>
    </Filter>
    <Filter Include="misc">
      <UniqueIdentifier>{5477e7b0-8b95-45a0-a741-02e02c6988e6}</UniqueIdentifier>
    </Filter>
  </ItemGroup>
  <ItemGroup>
    <ClCompile Include="Code\flipcube.c">
      <Filter>Code</Filter>
    </ClCompile>
    <ClCompile Include="misc\d3dapp.c">
      <Filter>misc</Filter>
    </ClCompile>
    <ClCompile Include="misc\d3dcalls.c">
      <Filter>misc</Filter>
    </ClCompile>
    <ClCompile Include="misc\d3dmain.cpp">
      <Filter>misc</Filter>
    </ClCompile>
    <ClCompile Include="misc\d3dmath.c">
      <Filter>misc</Filter>
    </ClCompile>
    <ClCompile Include="misc\d3dsphr.c">
      <Filter>misc</Filter>
    </ClCompile>
    <ClCompile Include="misc\ddcalls.c">
      <Filter>misc</Filter>
    </ClCompile>
    <ClCompile Include="misc\ddutil.cpp">
      <Filter>misc</Filter>
    </ClCompile>
    <ClCompile Include="misc\dsutil.c">
      <Filter>misc</Filter>
    </ClCompile>
    <ClCompile Include="misc\lbprintf.c">
      <Filter>misc</Filter>
    </ClCompile>
    <ClCompile Include="misc\lclib.c">
      <Filter>misc</Filter>
    </ClCompile>
    <ClCompile Include="misc\misc.c">
      <Filter>misc</Filter>
    </ClCompile>
    <ClCompile Include="misc\rmerror.c">
      <Filter>misc</Filter>
    </ClCompile>
    <ClCompile Include="misc\rmfull.cpp">
      <Filter>misc</Filter>
    </ClCompile>
    <ClCompile Include="misc\rmmain.cpp">
      <Filter>misc</Filter>
    </ClCompile>
    <ClCompile Include="misc\rmstats.cpp">
      <Filter>misc</Filter>
    </ClCompile>
    <ClCompile Include="misc\stats.cpp">
      <Filter>misc</Filter>
    </ClCompile>
    <ClCompile Include="misc\texture.c">
      <Filter>misc</Filter>
    </ClCompile>
  </ItemGroup>
  <ItemGroup>
    <Image Include="misc\d3d.ico">
      <Filter>misc</Filter>
    </Image>
  </ItemGroup>
  <ItemGroup>
    <ClInclude Include="misc\d3dapp.h">
      <Filter>misc</Filter>
    </ClInclude>
    <ClInclude Include="misc\d3dappi.h">
      <Filter>misc</Filter>
    </ClInclude>
    <ClInclude Include="misc\d3ddemo.h">
      <Filter>misc</Filter>
    </ClInclude>
    <ClInclude Include="misc\d3dmacs.h">
      <Filter>misc</Filter>
    </ClInclude>
    <ClInclude Include="misc\d3dmain.h">
      <Filter>misc</Filter>
    </ClInclude>
    <ClInclude Include="misc\d3dmath.h">
      <Filter>misc</Filter>
    </ClInclude>
    <ClInclude Include="misc\d3dres.h">
      <Filter>misc</Filter>
    </ClInclude>
    <ClInclude Include="misc\d3dsphr.h">
      <Filter>misc</Filter>
    </ClInclude>
    <ClInclude Include="misc\ddutil.h">
      <Filter>misc</Filter>
    </ClInclude>
    <ClInclude Include="misc\dsutil.h">
      <Filter>misc</Filter>
    </ClInclude>
    <ClInclude Include="misc\lbprintf.h">
      <Filter>misc</Filter>
    </ClInclude>
    <ClInclude Include="misc\lclib.h">
      <Filter>misc</Filter>
    </ClInclude>
    <ClInclude Include="misc\rmdemo.h">
      <Filter>misc</Filter>
    </ClInclude>
    <ClInclude Include="misc\rmerror.h">
      <Filter>misc</Filter>
    </ClInclude>
    <ClInclude Include="misc\rmfull.h">
      <Filter>misc</Filter>
    </ClInclude>
    <ClInclude Include="misc\rmfullrc.h">
      <Filter>misc</Filter>
    </ClInclude>
    <ClInclude Include="misc\rmmain.h">
      <Filter>misc</Filter>
    </ClInclude>
  </ItemGroup>
  <ItemGroup>
    <ResourceCompile Include="misc\d3dmain.rc">
      <Filter>misc</Filter>
    </ResourceCompile>
    <ResourceCompile Include="misc\rmfull.rc">
      <Filter>misc</Filter>
    </ResourceCompile>
    <ResourceCompile Include="misc\rmmain.rc">
      <Filter>misc</Filter>
    </ResourceCompile>
  </ItemGroup>
  <ItemGroup>
    <Text Include="misc\readme.txt">
      <Filter>misc</Filter>
    </Text>
  </ItemGroup>
</Project>